// !$*UTF8*$!
{
	archiveVersion = 1;
	classes = {
	};
	objectVersion = 46;
	objects = {

/* Begin PBXBuildFile section */
		1996D9BC89034999896EDD6C /* libPods-DataSourceTestApp.a in Frameworks */ = {isa = PBXBuildFile; fileRef = 793DFB2645D34A14B7EE891A /* libPods-DataSourceTestApp.a */; };
		AA3BDA22195C10B300C37F44 /* Foundation.framework in Frameworks */ = {isa = PBXBuildFile; fileRef = AA3BDA21195C10B300C37F44 /* Foundation.framework */; };
		AA3BDA24195C10B300C37F44 /* CoreGraphics.framework in Frameworks */ = {isa = PBXBuildFile; fileRef = AA3BDA23195C10B300C37F44 /* CoreGraphics.framework */; };
		AA3BDA26195C10B300C37F44 /* UIKit.framework in Frameworks */ = {isa = PBXBuildFile; fileRef = AA3BDA25195C10B300C37F44 /* UIKit.framework */; };
		AA3BDA2C195C10B300C37F44 /* InfoPlist.strings in Resources */ = {isa = PBXBuildFile; fileRef = AA3BDA2A195C10B300C37F44 /* InfoPlist.strings */; };
		AA3BDA2E195C10B300C37F44 /* main.m in Sources */ = {isa = PBXBuildFile; fileRef = AA3BDA2D195C10B300C37F44 /* main.m */; };
		AA3BDA32195C10B300C37F44 /* AppDelegate.m in Sources */ = {isa = PBXBuildFile; fileRef = AA3BDA31195C10B300C37F44 /* AppDelegate.m */; };
		AA3BDA35195C10B300C37F44 /* MainStoryboard.storyboard in Resources */ = {isa = PBXBuildFile; fileRef = AA3BDA33195C10B300C37F44 /* MainStoryboard.storyboard */; };
		AA3BDA3A195C10B300C37F44 /* Images.xcassets in Resources */ = {isa = PBXBuildFile; fileRef = AA3BDA39195C10B300C37F44 /* Images.xcassets */; };
		AA3BDA41195C10B300C37F44 /* XCTest.framework in Frameworks */ = {isa = PBXBuildFile; fileRef = AA3BDA40195C10B300C37F44 /* XCTest.framework */; };
		AA3BDA42195C10B400C37F44 /* Foundation.framework in Frameworks */ = {isa = PBXBuildFile; fileRef = AA3BDA21195C10B300C37F44 /* Foundation.framework */; };
		AA3BDA43195C10B400C37F44 /* UIKit.framework in Frameworks */ = {isa = PBXBuildFile; fileRef = AA3BDA25195C10B300C37F44 /* UIKit.framework */; };
		AA3BDA4B195C10B400C37F44 /* InfoPlist.strings in Resources */ = {isa = PBXBuildFile; fileRef = AA3BDA49195C10B400C37F44 /* InfoPlist.strings */; };
		AA3BDA4D195C10B400C37F44 /* DataSourceTestAppTests.m in Sources */ = {isa = PBXBuildFile; fileRef = AA3BDA4C195C10B400C37F44 /* DataSourceTestAppTests.m */; };
		AA3BDA5D195C129700C37F44 /* DSTConstants.m in Sources */ = {isa = PBXBuildFile; fileRef = AA3BDA5C195C129700C37F44 /* DSTConstants.m */; };
		AA3BDA63195C1E9500C37F44 /* DSTViewController.m in Sources */ = {isa = PBXBuildFile; fileRef = AA3BDA62195C1E9500C37F44 /* DSTViewController.m */; };
		AA3BDA66195C1F2100C37F44 /* DSTTableViewController.m in Sources */ = {isa = PBXBuildFile; fileRef = AA3BDA65195C1F2100C37F44 /* DSTTableViewController.m */; };
		AA3BDA69195C1F3600C37F44 /* DSTCollectionViewController.m in Sources */ = {isa = PBXBuildFile; fileRef = AA3BDA68195C1F3600C37F44 /* DSTCollectionViewController.m */; };
		AA3BDA6E195C228700C37F44 /* DSTTableViewCell.m in Sources */ = {isa = PBXBuildFile; fileRef = AA3BDA6D195C228700C37F44 /* DSTTableViewCell.m */; };
		AA3BDA71195C236800C37F44 /* DSTMainViewController.m in Sources */ = {isa = PBXBuildFile; fileRef = AA3BDA70195C236800C37F44 /* DSTMainViewController.m */; };
		AA3BDA74195C368400C37F44 /* DataSourceModel.xcdatamodeld in Sources */ = {isa = PBXBuildFile; fileRef = AA3BDA72195C368400C37F44 /* DataSourceModel.xcdatamodeld */; };
		AA3BDA77195C36BE00C37F44 /* DSTCoreDataStore.m in Sources */ = {isa = PBXBuildFile; fileRef = AA3BDA76195C36BE00C37F44 /* DSTCoreDataStore.m */; };
		AA3BDA79195C37F000C37F44 /* CoreData.framework in Frameworks */ = {isa = PBXBuildFile; fileRef = AA3BDA78195C37F000C37F44 /* CoreData.framework */; };
		AA3BDA7C195C3D2700C37F44 /* NSManagedObjectContext+Additions.m in Sources */ = {isa = PBXBuildFile; fileRef = AA3BDA7B195C3D2700C37F44 /* NSManagedObjectContext+Additions.m */; };
		AA3BDA84195C42A800C37F44 /* DSTDataViewController.m in Sources */ = {isa = PBXBuildFile; fileRef = AA3BDA83195C42A800C37F44 /* DSTDataViewController.m */; };
		AA3BDA88195C4E8E00C37F44 /* DSTFetchedDataSourceController.m in Sources */ = {isa = PBXBuildFile; fileRef = AA3BDA87195C4E8E00C37F44 /* DSTFetchedDataSourceController.m */; };
		AA3BDA8C195C560700C37F44 /* DSTManagedObject.m in Sources */ = {isa = PBXBuildFile; fileRef = AA3BDA8B195C560700C37F44 /* DSTManagedObject.m */; };
		AA3BDA8F195C561900C37F44 /* DSTEventEntity.m in Sources */ = {isa = PBXBuildFile; fileRef = AA3BDA8E195C561900C37F44 /* DSTEventEntity.m */; };
/* End PBXBuildFile section */

/* Begin PBXContainerItemProxy section */
		AA3BDA44195C10B400C37F44 /* PBXContainerItemProxy */ = {
			isa = PBXContainerItemProxy;
			containerPortal = AA3BDA16195C10B300C37F44 /* Project object */;
			proxyType = 1;
			remoteGlobalIDString = AA3BDA1D195C10B300C37F44;
			remoteInfo = DataSourceTestApp;
		};
/* End PBXContainerItemProxy section */

/* Begin PBXFileReference section */
		61108CD45DC044B985D24E98 /* Pods-DataSourceTestApp.xcconfig */ = {isa = PBXFileReference; includeInIndex = 1; lastKnownFileType = text.xcconfig; name = "Pods-DataSourceTestApp.xcconfig"; path = "../Pods/Pods-DataSourceTestApp.xcconfig"; sourceTree = "<group>"; };
		793DFB2645D34A14B7EE891A /* libPods-DataSourceTestApp.a */ = {isa = PBXFileReference; explicitFileType = archive.ar; includeInIndex = 0; path = "libPods-DataSourceTestApp.a"; sourceTree = BUILT_PRODUCTS_DIR; };
		AA3BDA1E195C10B300C37F44 /* DataSourceTestApp.app */ = {isa = PBXFileReference; explicitFileType = wrapper.application; includeInIndex = 0; path = DataSourceTestApp.app; sourceTree = BUILT_PRODUCTS_DIR; };
		AA3BDA21195C10B300C37F44 /* Foundation.framework */ = {isa = PBXFileReference; lastKnownFileType = wrapper.framework; name = Foundation.framework; path = System/Library/Frameworks/Foundation.framework; sourceTree = SDKROOT; };
		AA3BDA23195C10B300C37F44 /* CoreGraphics.framework */ = {isa = PBXFileReference; lastKnownFileType = wrapper.framework; name = CoreGraphics.framework; path = System/Library/Frameworks/CoreGraphics.framework; sourceTree = SDKROOT; };
		AA3BDA25195C10B300C37F44 /* UIKit.framework */ = {isa = PBXFileReference; lastKnownFileType = wrapper.framework; name = UIKit.framework; path = System/Library/Frameworks/UIKit.framework; sourceTree = SDKROOT; };
		AA3BDA29195C10B300C37F44 /* DataSourceTestApp-Info.plist */ = {isa = PBXFileReference; lastKnownFileType = text.plist.xml; path = "DataSourceTestApp-Info.plist"; sourceTree = "<group>"; };
		AA3BDA2B195C10B300C37F44 /* en */ = {isa = PBXFileReference; lastKnownFileType = text.plist.strings; name = en; path = en.lproj/InfoPlist.strings; sourceTree = "<group>"; };
		AA3BDA2D195C10B300C37F44 /* main.m */ = {isa = PBXFileReference; lastKnownFileType = sourcecode.c.objc; path = main.m; sourceTree = "<group>"; };
		AA3BDA2F195C10B300C37F44 /* DataSourceTestApp-Prefix.pch */ = {isa = PBXFileReference; lastKnownFileType = sourcecode.c.h; path = "DataSourceTestApp-Prefix.pch"; sourceTree = "<group>"; };
		AA3BDA30195C10B300C37F44 /* AppDelegate.h */ = {isa = PBXFileReference; lastKnownFileType = sourcecode.c.h; path = AppDelegate.h; sourceTree = "<group>"; };
		AA3BDA31195C10B300C37F44 /* AppDelegate.m */ = {isa = PBXFileReference; lastKnownFileType = sourcecode.c.objc; path = AppDelegate.m; sourceTree = "<group>"; };
		AA3BDA34195C10B300C37F44 /* Base */ = {isa = PBXFileReference; lastKnownFileType = file.storyboard; name = Base; path = Base.lproj/MainStoryboard.storyboard; sourceTree = "<group>"; };
		AA3BDA39195C10B300C37F44 /* Images.xcassets */ = {isa = PBXFileReference; lastKnownFileType = folder.assetcatalog; path = Images.xcassets; sourceTree = "<group>"; };
		AA3BDA3F195C10B300C37F44 /* DataSourceTestAppTests.xctest */ = {isa = PBXFileReference; explicitFileType = wrapper.cfbundle; includeInIndex = 0; path = DataSourceTestAppTests.xctest; sourceTree = BUILT_PRODUCTS_DIR; };
		AA3BDA40195C10B300C37F44 /* XCTest.framework */ = {isa = PBXFileReference; lastKnownFileType = wrapper.framework; name = XCTest.framework; path = Library/Frameworks/XCTest.framework; sourceTree = DEVELOPER_DIR; };
		AA3BDA48195C10B400C37F44 /* DataSourceTestAppTests-Info.plist */ = {isa = PBXFileReference; lastKnownFileType = text.plist.xml; path = "DataSourceTestAppTests-Info.plist"; sourceTree = "<group>"; };
		AA3BDA4A195C10B400C37F44 /* en */ = {isa = PBXFileReference; lastKnownFileType = text.plist.strings; name = en; path = en.lproj/InfoPlist.strings; sourceTree = "<group>"; };
		AA3BDA4C195C10B400C37F44 /* DataSourceTestAppTests.m */ = {isa = PBXFileReference; lastKnownFileType = sourcecode.c.objc; path = DataSourceTestAppTests.m; sourceTree = "<group>"; };
		AA3BDA5B195C129700C37F44 /* DSTConstants.h */ = {isa = PBXFileReference; fileEncoding = 4; lastKnownFileType = sourcecode.c.h; path = DSTConstants.h; sourceTree = "<group>"; };
		AA3BDA5C195C129700C37F44 /* DSTConstants.m */ = {isa = PBXFileReference; fileEncoding = 4; lastKnownFileType = sourcecode.c.objc; path = DSTConstants.m; sourceTree = "<group>"; };
		AA3BDA61195C1E9500C37F44 /* DSTViewController.h */ = {isa = PBXFileReference; fileEncoding = 4; lastKnownFileType = sourcecode.c.h; path = DSTViewController.h; sourceTree = "<group>"; };
		AA3BDA62195C1E9500C37F44 /* DSTViewController.m */ = {isa = PBXFileReference; fileEncoding = 4; lastKnownFileType = sourcecode.c.objc; path = DSTViewController.m; sourceTree = "<group>"; };
		AA3BDA64195C1F2100C37F44 /* DSTTableViewController.h */ = {isa = PBXFileReference; fileEncoding = 4; lastKnownFileType = sourcecode.c.h; path = DSTTableViewController.h; sourceTree = "<group>"; };
		AA3BDA65195C1F2100C37F44 /* DSTTableViewController.m */ = {isa = PBXFileReference; fileEncoding = 4; lastKnownFileType = sourcecode.c.objc; path = DSTTableViewController.m; sourceTree = "<group>"; };
		AA3BDA67195C1F3600C37F44 /* DSTCollectionViewController.h */ = {isa = PBXFileReference; fileEncoding = 4; lastKnownFileType = sourcecode.c.h; path = DSTCollectionViewController.h; sourceTree = "<group>"; };
		AA3BDA68195C1F3600C37F44 /* DSTCollectionViewController.m */ = {isa = PBXFileReference; fileEncoding = 4; lastKnownFileType = sourcecode.c.objc; path = DSTCollectionViewController.m; sourceTree = "<group>"; };
		AA3BDA6C195C228700C37F44 /* DSTTableViewCell.h */ = {isa = PBXFileReference; fileEncoding = 4; lastKnownFileType = sourcecode.c.h; path = DSTTableViewCell.h; sourceTree = "<group>"; };
		AA3BDA6D195C228700C37F44 /* DSTTableViewCell.m */ = {isa = PBXFileReference; fileEncoding = 4; lastKnownFileType = sourcecode.c.objc; path = DSTTableViewCell.m; sourceTree = "<group>"; };
		AA3BDA6F195C236800C37F44 /* DSTMainViewController.h */ = {isa = PBXFileReference; fileEncoding = 4; lastKnownFileType = sourcecode.c.h; path = DSTMainViewController.h; sourceTree = "<group>"; };
		AA3BDA70195C236800C37F44 /* DSTMainViewController.m */ = {isa = PBXFileReference; fileEncoding = 4; lastKnownFileType = sourcecode.c.objc; path = DSTMainViewController.m; sourceTree = "<group>"; };
		AA3BDA73195C368400C37F44 /* DataSourceModel.xcdatamodel */ = {isa = PBXFileReference; lastKnownFileType = wrapper.xcdatamodel; path = DataSourceModel.xcdatamodel; sourceTree = "<group>"; };
		AA3BDA75195C36BE00C37F44 /* DSTCoreDataStore.h */ = {isa = PBXFileReference; fileEncoding = 4; lastKnownFileType = sourcecode.c.h; path = DSTCoreDataStore.h; sourceTree = "<group>"; };
		AA3BDA76195C36BE00C37F44 /* DSTCoreDataStore.m */ = {isa = PBXFileReference; fileEncoding = 4; lastKnownFileType = sourcecode.c.objc; path = DSTCoreDataStore.m; sourceTree = "<group>"; };
		AA3BDA78195C37F000C37F44 /* CoreData.framework */ = {isa = PBXFileReference; lastKnownFileType = wrapper.framework; name = CoreData.framework; path = System/Library/Frameworks/CoreData.framework; sourceTree = SDKROOT; };
		AA3BDA7A195C3D2700C37F44 /* NSManagedObjectContext+Additions.h */ = {isa = PBXFileReference; fileEncoding = 4; lastKnownFileType = sourcecode.c.h; path = "NSManagedObjectContext+Additions.h"; sourceTree = "<group>"; };
		AA3BDA7B195C3D2700C37F44 /* NSManagedObjectContext+Additions.m */ = {isa = PBXFileReference; fileEncoding = 4; lastKnownFileType = sourcecode.c.objc; path = "NSManagedObjectContext+Additions.m"; sourceTree = "<group>"; };
		AA3BDA82195C42A800C37F44 /* DSTDataViewController.h */ = {isa = PBXFileReference; fileEncoding = 4; lastKnownFileType = sourcecode.c.h; path = DSTDataViewController.h; sourceTree = "<group>"; };
		AA3BDA83195C42A800C37F44 /* DSTDataViewController.m */ = {isa = PBXFileReference; fileEncoding = 4; lastKnownFileType = sourcecode.c.objc; path = DSTDataViewController.m; sourceTree = "<group>"; };
		AA3BDA85195C4D8800C37F44 /* DSTDataSourceControllerProtocol.h */ = {isa = PBXFileReference; lastKnownFileType = sourcecode.c.h; path = DSTDataSourceControllerProtocol.h; sourceTree = "<group>"; };
		AA3BDA86195C4E8E00C37F44 /* DSTFetchedDataSourceController.h */ = {isa = PBXFileReference; fileEncoding = 4; lastKnownFileType = sourcecode.c.h; path = DSTFetchedDataSourceController.h; sourceTree = "<group>"; };
		AA3BDA87195C4E8E00C37F44 /* DSTFetchedDataSourceController.m */ = {isa = PBXFileReference; fileEncoding = 4; lastKnownFileType = sourcecode.c.objc; path = DSTFetchedDataSourceController.m; sourceTree = "<group>"; };
		AA3BDA8A195C560700C37F44 /* DSTManagedObject.h */ = {isa = PBXFileReference; fileEncoding = 4; lastKnownFileType = sourcecode.c.h; path = DSTManagedObject.h; sourceTree = "<group>"; };
		AA3BDA8B195C560700C37F44 /* DSTManagedObject.m */ = {isa = PBXFileReference; fileEncoding = 4; lastKnownFileType = sourcecode.c.objc; path = DSTManagedObject.m; sourceTree = "<group>"; };
		AA3BDA8D195C561900C37F44 /* DSTEventEntity.h */ = {isa = PBXFileReference; fileEncoding = 4; lastKnownFileType = sourcecode.c.h; path = DSTEventEntity.h; sourceTree = "<group>"; };
		AA3BDA8E195C561900C37F44 /* DSTEventEntity.m */ = {isa = PBXFileReference; fileEncoding = 4; lastKnownFileType = sourcecode.c.objc; path = DSTEventEntity.m; sourceTree = "<group>"; };
/* End PBXFileReference section */

/* Begin PBXFrameworksBuildPhase section */
		AA3BDA1B195C10B300C37F44 /* Frameworks */ = {
			isa = PBXFrameworksBuildPhase;
			buildActionMask = 2147483647;
			files = (
				AA3BDA79195C37F000C37F44 /* CoreData.framework in Frameworks */,
				AA3BDA24195C10B300C37F44 /* CoreGraphics.framework in Frameworks */,
				AA3BDA26195C10B300C37F44 /* UIKit.framework in Frameworks */,
				AA3BDA22195C10B300C37F44 /* Foundation.framework in Frameworks */,
				1996D9BC89034999896EDD6C /* libPods-DataSourceTestApp.a in Frameworks */,
			);
			runOnlyForDeploymentPostprocessing = 0;
		};
		AA3BDA3C195C10B300C37F44 /* Frameworks */ = {
			isa = PBXFrameworksBuildPhase;
			buildActionMask = 2147483647;
			files = (
				AA3BDA41195C10B300C37F44 /* XCTest.framework in Frameworks */,
				AA3BDA43195C10B400C37F44 /* UIKit.framework in Frameworks */,
				AA3BDA42195C10B400C37F44 /* Foundation.framework in Frameworks */,
			);
			runOnlyForDeploymentPostprocessing = 0;
		};
/* End PBXFrameworksBuildPhase section */

/* Begin PBXGroup section */
		AA3BDA15195C10B300C37F44 = {
			isa = PBXGroup;
			children = (
				AA3BDA27195C10B300C37F44 /* DataSourceTestApp */,
				AA3BDA46195C10B400C37F44 /* DataSourceTestAppTests */,
				AA3BDA20195C10B300C37F44 /* Frameworks */,
				AA3BDA1F195C10B300C37F44 /* Products */,
				61108CD45DC044B985D24E98 /* Pods-DataSourceTestApp.xcconfig */,
			);
			sourceTree = "<group>";
		};
		AA3BDA1F195C10B300C37F44 /* Products */ = {
			isa = PBXGroup;
			children = (
				AA3BDA1E195C10B300C37F44 /* DataSourceTestApp.app */,
				AA3BDA3F195C10B300C37F44 /* DataSourceTestAppTests.xctest */,
			);
			name = Products;
			sourceTree = "<group>";
		};
		AA3BDA20195C10B300C37F44 /* Frameworks */ = {
			isa = PBXGroup;
			children = (
				AA3BDA78195C37F000C37F44 /* CoreData.framework */,
				AA3BDA21195C10B300C37F44 /* Foundation.framework */,
				AA3BDA23195C10B300C37F44 /* CoreGraphics.framework */,
				AA3BDA25195C10B300C37F44 /* UIKit.framework */,
				AA3BDA40195C10B300C37F44 /* XCTest.framework */,
				793DFB2645D34A14B7EE891A /* libPods-DataSourceTestApp.a */,
			);
			name = Frameworks;
			sourceTree = "<group>";
		};
		AA3BDA27195C10B300C37F44 /* DataSourceTestApp */ = {
			isa = PBXGroup;
			children = (
				AA3BDA30195C10B300C37F44 /* AppDelegate.h */,
				AA3BDA31195C10B300C37F44 /* AppDelegate.m */,
				AA3BDA5B195C129700C37F44 /* DSTConstants.h */,
				AA3BDA5C195C129700C37F44 /* DSTConstants.m */,
				AA3BDA56195C11F100C37F44 /* Controllers */,
				AA3BDA57195C11FC00C37F44 /* Models */,
				AA3BDA58195C121100C37F44 /* Views */,
				AA3BDA59195C122500C37F44 /* Categories */,
				AA3BDA5A195C123000C37F44 /* Resources */,
				AA3BDA28195C10B300C37F44 /* Supporting Files */,
			);
			path = DataSourceTestApp;
			sourceTree = "<group>";
		};
		AA3BDA28195C10B300C37F44 /* Supporting Files */ = {
			isa = PBXGroup;
			children = (
				AA3BDA29195C10B300C37F44 /* DataSourceTestApp-Info.plist */,
				AA3BDA2D195C10B300C37F44 /* main.m */,
				AA3BDA2F195C10B300C37F44 /* DataSourceTestApp-Prefix.pch */,
			);
			name = "Supporting Files";
			sourceTree = "<group>";
		};
		AA3BDA46195C10B400C37F44 /* DataSourceTestAppTests */ = {
			isa = PBXGroup;
			children = (
				AA3BDA4C195C10B400C37F44 /* DataSourceTestAppTests.m */,
				AA3BDA47195C10B400C37F44 /* Supporting Files */,
			);
			path = DataSourceTestAppTests;
			sourceTree = "<group>";
		};
		AA3BDA47195C10B400C37F44 /* Supporting Files */ = {
			isa = PBXGroup;
			children = (
				AA3BDA48195C10B400C37F44 /* DataSourceTestAppTests-Info.plist */,
				AA3BDA49195C10B400C37F44 /* InfoPlist.strings */,
			);
			name = "Supporting Files";
			sourceTree = "<group>";
		};
		AA3BDA56195C11F100C37F44 /* Controllers */ = {
			isa = PBXGroup;
			children = (
				AA3BDA60195C1E8100C37F44 /* Abstract */,
				AA3BDA6F195C236800C37F44 /* DSTMainViewController.h */,
				AA3BDA70195C236800C37F44 /* DSTMainViewController.m */,
				AA3BDA82195C42A800C37F44 /* DSTDataViewController.h */,
				AA3BDA83195C42A800C37F44 /* DSTDataViewController.m */,
			);
			path = Controllers;
			sourceTree = "<group>";
		};
		AA3BDA57195C11FC00C37F44 /* Models */ = {
			isa = PBXGroup;
			children = (
				AA3BDA89195C55E700C37F44 /* Entities */,
				AA3BDA7D195C3FB000C37F44 /* DataSource */,
				AA3BDA75195C36BE00C37F44 /* DSTCoreDataStore.h */,
				AA3BDA76195C36BE00C37F44 /* DSTCoreDataStore.m */,
			);
			path = Models;
			sourceTree = "<group>";
		};
		AA3BDA58195C121100C37F44 /* Views */ = {
			isa = PBXGroup;
			children = (
				AA3BDA6A195C225300C37F44 /* TableView Cells */,
				AA3BDA6B195C225F00C37F44 /* CollectionView Cells */,
			);
			path = Views;
			sourceTree = "<group>";
		};
		AA3BDA59195C122500C37F44 /* Categories */ = {
			isa = PBXGroup;
			children = (
				AA3BDA7A195C3D2700C37F44 /* NSManagedObjectContext+Additions.h */,
				AA3BDA7B195C3D2700C37F44 /* NSManagedObjectContext+Additions.m */,
			);
			path = Categories;
			sourceTree = "<group>";
		};
		AA3BDA5A195C123000C37F44 /* Resources */ = {
			isa = PBXGroup;
			children = (
				AA3BDA5F195C167000C37F44 /* CoreData */,
				AA3BDA5E195C165600C37F44 /* Images */,
				AA3BDA2A195C10B300C37F44 /* InfoPlist.strings */,
				AA3BDA33195C10B300C37F44 /* MainStoryboard.storyboard */,
				AA3BDA39195C10B300C37F44 /* Images.xcassets */,
			);
			path = Resources;
			sourceTree = "<group>";
		};
		AA3BDA5E195C165600C37F44 /* Images */ = {
			isa = PBXGroup;
			children = (
			);
			path = Images;
			sourceTree = "<group>";
		};
		AA3BDA5F195C167000C37F44 /* CoreData */ = {
			isa = PBXGroup;
			children = (
				AA3BDA72195C368400C37F44 /* DataSourceModel.xcdatamodeld */,
			);
			path = CoreData;
			sourceTree = "<group>";
		};
		AA3BDA60195C1E8100C37F44 /* Abstract */ = {
			isa = PBXGroup;
			children = (
				AA3BDA61195C1E9500C37F44 /* DSTViewController.h */,
				AA3BDA62195C1E9500C37F44 /* DSTViewController.m */,
				AA3BDA64195C1F2100C37F44 /* DSTTableViewController.h */,
				AA3BDA65195C1F2100C37F44 /* DSTTableViewController.m */,
				AA3BDA67195C1F3600C37F44 /* DSTCollectionViewController.h */,
				AA3BDA68195C1F3600C37F44 /* DSTCollectionViewController.m */,
			);
			name = Abstract;
			sourceTree = "<group>";
		};
		AA3BDA6A195C225300C37F44 /* TableView Cells */ = {
			isa = PBXGroup;
			children = (
				AA3BDA6C195C228700C37F44 /* DSTTableViewCell.h */,
				AA3BDA6D195C228700C37F44 /* DSTTableViewCell.m */,
			);
			name = "TableView Cells";
			sourceTree = "<group>";
		};
		AA3BDA6B195C225F00C37F44 /* CollectionView Cells */ = {
			isa = PBXGroup;
			children = (
			);
			name = "CollectionView Cells";
			sourceTree = "<group>";
		};
		AA3BDA7D195C3FB000C37F44 /* DataSource */ = {
			isa = PBXGroup;
			children = (
				AA3BDA85195C4D8800C37F44 /* DSTDataSourceControllerProtocol.h */,
				AA3BDA86195C4E8E00C37F44 /* DSTFetchedDataSourceController.h */,
				AA3BDA87195C4E8E00C37F44 /* DSTFetchedDataSourceController.m */,
			);
			name = DataSource;
			sourceTree = "<group>";
		};
		AA3BDA89195C55E700C37F44 /* Entities */ = {
			isa = PBXGroup;
			children = (
				AA3BDA8A195C560700C37F44 /* DSTManagedObject.h */,
				AA3BDA8B195C560700C37F44 /* DSTManagedObject.m */,
				AA3BDA8D195C561900C37F44 /* DSTEventEntity.h */,
				AA3BDA8E195C561900C37F44 /* DSTEventEntity.m */,
			);
			name = Entities;
			sourceTree = "<group>";
		};
/* End PBXGroup section */

/* Begin PBXNativeTarget section */
		AA3BDA1D195C10B300C37F44 /* DataSourceTestApp */ = {
			isa = PBXNativeTarget;
			buildConfigurationList = AA3BDA50195C10B400C37F44 /* Build configuration list for PBXNativeTarget "DataSourceTestApp" */;
			buildPhases = (
				71F1003DD15C49A0BF52AF39 /* Check Pods Manifest.lock */,
				AA3BDA1A195C10B300C37F44 /* Sources */,
				AA3BDA1B195C10B300C37F44 /* Frameworks */,
				AA3BDA1C195C10B300C37F44 /* Resources */,
				39D565892BFE4248B6E345C4 /* Copy Pods Resources */,
			);
			buildRules = (
			);
			dependencies = (
			);
			name = DataSourceTestApp;
			productName = DataSourceTestApp;
			productReference = AA3BDA1E195C10B300C37F44 /* DataSourceTestApp.app */;
			productType = "com.apple.product-type.application";
		};
		AA3BDA3E195C10B300C37F44 /* DataSourceTestAppTests */ = {
			isa = PBXNativeTarget;
			buildConfigurationList = AA3BDA53195C10B400C37F44 /* Build configuration list for PBXNativeTarget "DataSourceTestAppTests" */;
			buildPhases = (
				AA3BDA3B195C10B300C37F44 /* Sources */,
				AA3BDA3C195C10B300C37F44 /* Frameworks */,
				AA3BDA3D195C10B300C37F44 /* Resources */,
			);
			buildRules = (
			);
			dependencies = (
				AA3BDA45195C10B400C37F44 /* PBXTargetDependency */,
			);
			name = DataSourceTestAppTests;
			productName = DataSourceTestAppTests;
			productReference = AA3BDA3F195C10B300C37F44 /* DataSourceTestAppTests.xctest */;
			productType = "com.apple.product-type.bundle.unit-test";
		};
/* End PBXNativeTarget section */

/* Begin PBXProject section */
		AA3BDA16195C10B300C37F44 /* Project object */ = {
			isa = PBXProject;
			attributes = {
				CLASSPREFIX = DST;
				LastUpgradeCheck = 0510;
				ORGANIZATIONNAME = "Joachim Kret";
				TargetAttributes = {
					AA3BDA3E195C10B300C37F44 = {
						TestTargetID = AA3BDA1D195C10B300C37F44;
					};
				};
			};
			buildConfigurationList = AA3BDA19195C10B300C37F44 /* Build configuration list for PBXProject "DataSourceTestApp" */;
			compatibilityVersion = "Xcode 3.2";
			developmentRegion = English;
			hasScannedForEncodings = 0;
			knownRegions = (
				en,
				Base,
			);
			mainGroup = AA3BDA15195C10B300C37F44;
			productRefGroup = AA3BDA1F195C10B300C37F44 /* Products */;
			projectDirPath = "";
			projectRoot = "";
			targets = (
				AA3BDA1D195C10B300C37F44 /* DataSourceTestApp */,
				AA3BDA3E195C10B300C37F44 /* DataSourceTestAppTests */,
			);
		};
/* End PBXProject section */

/* Begin PBXResourcesBuildPhase section */
		AA3BDA1C195C10B300C37F44 /* Resources */ = {
			isa = PBXResourcesBuildPhase;
			buildActionMask = 2147483647;
			files = (
				AA3BDA3A195C10B300C37F44 /* Images.xcassets in Resources */,
				AA3BDA2C195C10B300C37F44 /* InfoPlist.strings in Resources */,
				AA3BDA35195C10B300C37F44 /* MainStoryboard.storyboard in Resources */,
			);
			runOnlyForDeploymentPostprocessing = 0;
		};
		AA3BDA3D195C10B300C37F44 /* Resources */ = {
			isa = PBXResourcesBuildPhase;
			buildActionMask = 2147483647;
			files = (
				AA3BDA4B195C10B400C37F44 /* InfoPlist.strings in Resources */,
			);
			runOnlyForDeploymentPostprocessing = 0;
		};
/* End PBXResourcesBuildPhase section */

/* Begin PBXShellScriptBuildPhase section */
		39D565892BFE4248B6E345C4 /* Copy Pods Resources */ = {
			isa = PBXShellScriptBuildPhase;
			buildActionMask = 2147483647;
			files = (
			);
			inputPaths = (
			);
			name = "Copy Pods Resources";
			outputPaths = (
			);
			runOnlyForDeploymentPostprocessing = 0;
			shellPath = /bin/sh;
			shellScript = "\"${SRCROOT}/../Pods/Pods-DataSourceTestApp-resources.sh\"\n";
			showEnvVarsInLog = 0;
		};
		71F1003DD15C49A0BF52AF39 /* Check Pods Manifest.lock */ = {
			isa = PBXShellScriptBuildPhase;
			buildActionMask = 2147483647;
			files = (
			);
			inputPaths = (
			);
			name = "Check Pods Manifest.lock";
			outputPaths = (
			);
			runOnlyForDeploymentPostprocessing = 0;
			shellPath = /bin/sh;
			shellScript = "diff \"${PODS_ROOT}/../Podfile.lock\" \"${PODS_ROOT}/Manifest.lock\" > /dev/null\nif [[ $? != 0 ]] ; then\n    cat << EOM\nerror: The sandbox is not in sync with the Podfile.lock. Run 'pod install' or update your CocoaPods installation.\nEOM\n    exit 1\nfi\n";
			showEnvVarsInLog = 0;
		};
/* End PBXShellScriptBuildPhase section */

/* Begin PBXSourcesBuildPhase section */
		AA3BDA1A195C10B300C37F44 /* Sources */ = {
			isa = PBXSourcesBuildPhase;
			buildActionMask = 2147483647;
			files = (
				AA3BDA69195C1F3600C37F44 /* DSTCollectionViewController.m in Sources */,
				AA3BDA71195C236800C37F44 /* DSTMainViewController.m in Sources */,
				AA3BDA63195C1E9500C37F44 /* DSTViewController.m in Sources */,
				AA3BDA32195C10B300C37F44 /* AppDelegate.m in Sources */,
				AA3BDA77195C36BE00C37F44 /* DSTCoreDataStore.m in Sources */,
				AA3BDA5D195C129700C37F44 /* DSTConstants.m in Sources */,
				AA3BDA66195C1F2100C37F44 /* DSTTableViewController.m in Sources */,
				AA3BDA88195C4E8E00C37F44 /* DSTFetchedDataSourceController.m in Sources */,
				AA3BDA84195C42A800C37F44 /* DSTDataViewController.m in Sources */,
				AA3BDA6E195C228700C37F44 /* DSTTableViewCell.m in Sources */,
				AA3BDA8F195C561900C37F44 /* DSTEventEntity.m in Sources */,
				AA3BDA8C195C560700C37F44 /* DSTManagedObject.m in Sources */,
				AA3BDA7C195C3D2700C37F44 /* NSManagedObjectContext+Additions.m in Sources */,
				AA3BDA74195C368400C37F44 /* DataSourceModel.xcdatamodeld in Sources */,
				AA3BDA2E195C10B300C37F44 /* main.m in Sources */,
			);
			runOnlyForDeploymentPostprocessing = 0;
		};
		AA3BDA3B195C10B300C37F44 /* Sources */ = {
			isa = PBXSourcesBuildPhase;
			buildActionMask = 2147483647;
			files = (
				AA3BDA4D195C10B400C37F44 /* DataSourceTestAppTests.m in Sources */,
			);
			runOnlyForDeploymentPostprocessing = 0;
		};
/* End PBXSourcesBuildPhase section */

/* Begin PBXTargetDependency section */
		AA3BDA45195C10B400C37F44 /* PBXTargetDependency */ = {
			isa = PBXTargetDependency;
			target = AA3BDA1D195C10B300C37F44 /* DataSourceTestApp */;
			targetProxy = AA3BDA44195C10B400C37F44 /* PBXContainerItemProxy */;
		};
/* End PBXTargetDependency section */

/* Begin PBXVariantGroup section */
		AA3BDA2A195C10B300C37F44 /* InfoPlist.strings */ = {
			isa = PBXVariantGroup;
			children = (
				AA3BDA2B195C10B300C37F44 /* en */,
			);
			name = InfoPlist.strings;
			sourceTree = "<group>";
		};
		AA3BDA33195C10B300C37F44 /* MainStoryboard.storyboard */ = {
			isa = PBXVariantGroup;
			children = (
				AA3BDA34195C10B300C37F44 /* Base */,
			);
			name = MainStoryboard.storyboard;
			sourceTree = "<group>";
		};
		AA3BDA49195C10B400C37F44 /* InfoPlist.strings */ = {
			isa = PBXVariantGroup;
			children = (
				AA3BDA4A195C10B400C37F44 /* en */,
			);
			name = InfoPlist.strings;
			sourceTree = "<group>";
		};
/* End PBXVariantGroup section */

/* Begin XCBuildConfiguration section */
		AA3BDA4E195C10B400C37F44 /* Debug */ = {
			isa = XCBuildConfiguration;
			buildSettings = {
				ALWAYS_SEARCH_USER_PATHS = NO;
				CLANG_CXX_LANGUAGE_STANDARD = "gnu++0x";
				CLANG_CXX_LIBRARY = "libc++";
				CLANG_ENABLE_MODULES = YES;
				CLANG_ENABLE_OBJC_ARC = YES;
				CLANG_WARN_BOOL_CONVERSION = YES;
				CLANG_WARN_CONSTANT_CONVERSION = YES;
				CLANG_WARN_DIRECT_OBJC_ISA_USAGE = YES_ERROR;
				CLANG_WARN_EMPTY_BODY = YES;
				CLANG_WARN_ENUM_CONVERSION = YES;
				CLANG_WARN_INT_CONVERSION = YES;
				CLANG_WARN_OBJC_ROOT_CLASS = YES_ERROR;
				CLANG_WARN__DUPLICATE_METHOD_MATCH = YES;
				"CODE_SIGN_IDENTITY[sdk=iphoneos*]" = "iPhone Developer";
				COPY_PHASE_STRIP = NO;
				GCC_C_LANGUAGE_STANDARD = gnu99;
				GCC_DYNAMIC_NO_PIC = NO;
				GCC_OPTIMIZATION_LEVEL = 0;
				GCC_PREPROCESSOR_DEFINITIONS = (
					"DEBUG=1",
					"$(inherited)",
				);
				GCC_SYMBOLS_PRIVATE_EXTERN = NO;
				GCC_WARN_64_TO_32_BIT_CONVERSION = YES;
				GCC_WARN_ABOUT_RETURN_TYPE = YES_ERROR;
				GCC_WARN_UNDECLARED_SELECTOR = YES;
				GCC_WARN_UNINITIALIZED_AUTOS = YES_AGGRESSIVE;
				GCC_WARN_UNUSED_FUNCTION = YES;
				GCC_WARN_UNUSED_VARIABLE = YES;
				IPHONEOS_DEPLOYMENT_TARGET = 7.1;
				ONLY_ACTIVE_ARCH = YES;
				SDKROOT = iphoneos;
			};
			name = Debug;
		};
		AA3BDA4F195C10B400C37F44 /* Release */ = {
			isa = XCBuildConfiguration;
			buildSettings = {
				ALWAYS_SEARCH_USER_PATHS = NO;
				CLANG_CXX_LANGUAGE_STANDARD = "gnu++0x";
				CLANG_CXX_LIBRARY = "libc++";
				CLANG_ENABLE_MODULES = YES;
				CLANG_ENABLE_OBJC_ARC = YES;
				CLANG_WARN_BOOL_CONVERSION = YES;
				CLANG_WARN_CONSTANT_CONVERSION = YES;
				CLANG_WARN_DIRECT_OBJC_ISA_USAGE = YES_ERROR;
				CLANG_WARN_EMPTY_BODY = YES;
				CLANG_WARN_ENUM_CONVERSION = YES;
				CLANG_WARN_INT_CONVERSION = YES;
				CLANG_WARN_OBJC_ROOT_CLASS = YES_ERROR;
				CLANG_WARN__DUPLICATE_METHOD_MATCH = YES;
				"CODE_SIGN_IDENTITY[sdk=iphoneos*]" = "iPhone Developer";
				COPY_PHASE_STRIP = YES;
				ENABLE_NS_ASSERTIONS = NO;
				GCC_C_LANGUAGE_STANDARD = gnu99;
				GCC_WARN_64_TO_32_BIT_CONVERSION = YES;
				GCC_WARN_ABOUT_RETURN_TYPE = YES_ERROR;
				GCC_WARN_UNDECLARED_SELECTOR = YES;
				GCC_WARN_UNINITIALIZED_AUTOS = YES_AGGRESSIVE;
				GCC_WARN_UNUSED_FUNCTION = YES;
				GCC_WARN_UNUSED_VARIABLE = YES;
				IPHONEOS_DEPLOYMENT_TARGET = 7.1;
				SDKROOT = iphoneos;
				VALIDATE_PRODUCT = YES;
			};
			name = Release;
		};
		AA3BDA51195C10B400C37F44 /* Debug */ = {
			isa = XCBuildConfiguration;
			baseConfigurationReference = 61108CD45DC044B985D24E98 /* Pods-DataSourceTestApp.xcconfig */;
			buildSettings = {
				ASSETCATALOG_COMPILER_APPICON_NAME = AppIcon;
				ASSETCATALOG_COMPILER_LAUNCHIMAGE_NAME = LaunchImage;
				DEBUG_INFORMATION_FORMAT = dwarf;
				GCC_PRECOMPILE_PREFIX_HEADER = YES;
				GCC_PREFIX_HEADER = "DataSourceTestApp/DataSourceTestApp-Prefix.pch";
				INFOPLIST_FILE = "DataSourceTestApp/DataSourceTestApp-Info.plist";
				PRODUCT_NAME = "$(TARGET_NAME)";
				WRAPPER_EXTENSION = app;
			};
			name = Debug;
		};
		AA3BDA52195C10B400C37F44 /* Release */ = {
			isa = XCBuildConfiguration;
			baseConfigurationReference = 61108CD45DC044B985D24E98 /* Pods-DataSourceTestApp.xcconfig */;
			buildSettings = {
				ASSETCATALOG_COMPILER_APPICON_NAME = AppIcon;
				ASSETCATALOG_COMPILER_LAUNCHIMAGE_NAME = LaunchImage;
				GCC_PRECOMPILE_PREFIX_HEADER = YES;
				GCC_PREFIX_HEADER = "DataSourceTestApp/DataSourceTestApp-Prefix.pch";
				INFOPLIST_FILE = "DataSourceTestApp/DataSourceTestApp-Info.plist";
				PRODUCT_NAME = "$(TARGET_NAME)";
				WRAPPER_EXTENSION = app;
			};
			name = Release;
		};
		AA3BDA54195C10B400C37F44 /* Debug */ = {
			isa = XCBuildConfiguration;
			buildSettings = {
				BUNDLE_LOADER = "$(BUILT_PRODUCTS_DIR)/DataSourceTestApp.app/DataSourceTestApp";
				FRAMEWORK_SEARCH_PATHS = (
					"$(SDKROOT)/Developer/Library/Frameworks",
					"$(inherited)",
					"$(DEVELOPER_FRAMEWORKS_DIR)",
				);
				GCC_PRECOMPILE_PREFIX_HEADER = YES;
				GCC_PREFIX_HEADER = "DataSourceTestApp/DataSourceTestApp-Prefix.pch";
				GCC_PREPROCESSOR_DEFINITIONS = (
					"DEBUG=1",
					"$(inherited)",
				);
				INFOPLIST_FILE = "DataSourceTestAppTests/DataSourceTestAppTests-Info.plist";
				PRODUCT_NAME = "$(TARGET_NAME)";
				TEST_HOST = "$(BUNDLE_LOADER)";
				WRAPPER_EXTENSION = xctest;
			};
			name = Debug;
		};
		AA3BDA55195C10B400C37F44 /* Release */ = {
			isa = XCBuildConfiguration;
			buildSettings = {
				BUNDLE_LOADER = "$(BUILT_PRODUCTS_DIR)/DataSourceTestApp.app/DataSourceTestApp";
				FRAMEWORK_SEARCH_PATHS = (
					"$(SDKROOT)/Developer/Library/Frameworks",
					"$(inherited)",
					"$(DEVELOPER_FRAMEWORKS_DIR)",
				);
				GCC_PRECOMPILE_PREFIX_HEADER = YES;
				GCC_PREFIX_HEADER = "DataSourceTestApp/DataSourceTestApp-Prefix.pch";
				INFOPLIST_FILE = "DataSourceTestAppTests/DataSourceTestAppTests-Info.plist";
				PRODUCT_NAME = "$(TARGET_NAME)";
				TEST_HOST = "$(BUNDLE_LOADER)";
				WRAPPER_EXTENSION = xctest;
			};
			name = Release;
		};
/* End XCBuildConfiguration section */

/* Begin XCConfigurationList section */
		AA3BDA19195C10B300C37F44 /* Build configuration list for PBXProject "DataSourceTestApp" */ = {
			isa = XCConfigurationList;
			buildConfigurations = (
				AA3BDA4E195C10B400C37F44 /* Debug */,
				AA3BDA4F195C10B400C37F44 /* Release */,
			);
			defaultConfigurationIsVisible = 0;
			defaultConfigurationName = Release;
		};
		AA3BDA50195C10B400C37F44 /* Build configuration list for PBXNativeTarget "DataSourceTestApp" */ = {
			isa = XCConfigurationList;
			buildConfigurations = (
				AA3BDA51195C10B400C37F44 /* Debug */,
				AA3BDA52195C10B400C37F44 /* Release */,
			);
			defaultConfigurationIsVisible = 0;
			defaultConfigurationName = Release;
		};
		AA3BDA53195C10B400C37F44 /* Build configuration list for PBXNativeTarget "DataSourceTestAppTests" */ = {
			isa = XCConfigurationList;
			buildConfigurations = (
				AA3BDA54195C10B400C37F44 /* Debug */,
				AA3BDA55195C10B400C37F44 /* Release */,
			);
			defaultConfigurationIsVisible = 0;
			defaultConfigurationName = Release;
		};
/* End XCConfigurationList section */

/* Begin XCVersionGroup section */
		AA3BDA72195C368400C37F44 /* DataSourceModel.xcdatamodeld */ = {
			isa = XCVersionGroup;
			children = (
				AA3BDA73195C368400C37F44 /* DataSourceModel.xcdatamodel */,
			);
			currentVersion = AA3BDA73195C368400C37F44 /* DataSourceModel.xcdatamodel */;
			path = DataSourceModel.xcdatamodeld;
			sourceTree = "<group>";
			versionGroupType = wrapper.xcdatamodel;
		};
/* End XCVersionGroup section */
	};
	rootObject = AA3BDA16195C10B300C37F44 /* Project object */;
}
